
Microsoft Visual Studio Solution File, Format Version 12.00
# Visual Studio 15
VisualStudioVersion = 15.0.28307.489
MinimumVisualStudioVersion = 10.0.40219.1
Project("{9092AA53-FB77-4645-B42D-1CCCA6BD08BD}") = "NodeServerVS", "NodeServerVS\NodeServerVS.njsproj", "{C52CBAFD-2D00-460A-ADD9-07F67C7D808F}"
EndProject
Project("{2150E333-8FDC-42A3-9474-1A3956D46DE8}") = "Solution Items", "Solution Items", "{AFD3EFFF-BC32-4EC3-B21E-E198F5CEAD04}"
	ProjectSection(SolutionItems) = preProject
		.gitignore = .gitignore
	EndProjectSection
EndProject
Global
	GlobalSection(SolutionConfigurationPlatforms) = preSolution
		Debug|Any CPU = Debug|Any CPU
		Release|Any CPU = Release|Any CPU
	EndGlobalSection
	GlobalSection(ProjectConfigurationPlatforms) = postSolution
		{C52CBAFD-2D00-460A-ADD9-07F67C7D808F}.Debug|Any CPU.ActiveCfg = Debug|Any CPU
		{C52CBAFD-2D00-460A-ADD9-07F67C7D808F}.Debug|Any CPU.Build.0 = Debug|Any CPU
		{C52CBAFD-2D00-460A-ADD9-07F67C7D808F}.Release|Any CPU.ActiveCfg = Release|Any CPU
		{C52CBAFD-2D00-460A-ADD9-07F67C7D808F}.Release|Any CPU.Build.0 = Release|Any CPU
	EndGlobalSection
	GlobalSection(SolutionProperties) = preSolution
		HideSolutionNode = FALSE
	EndGlobalSection
	GlobalSection(ExtensibilityGlobals) = postSolution
		SolutionGuid = {E7F324A8-045E-4DA1-9088-146B797DD359}
	EndGlobalSection
EndGlobal
